# THIS IS AN AUTOGENERATED FILE. DO NOT EDIT THIS FILE DIRECTLY.
# yarn lockfile v1


"abbrev@1":
  "integrity" "sha512-nne9/IiQ/hzIhY6pdDnbBtz7DjPTKrY00P/zvPSm5pOFkl6xuGrGnXn/VtTNNfNtAfZ9/1RtehkszU9qcTii0Q=="
  "resolved" "https://registry.npmjs.org/abbrev/-/abbrev-1.1.1.tgz"
  "version" "1.1.1"

"arch@^2.2.0":
  "integrity" "sha512-Of/R0wqp83cgHozfIYLbBMnej79U/SVGOOyuB3VVFv1NRM/PSFMK12x9KVtiYzJqmnU5WR2qp0Z5rHb7sWGnFQ=="
  "resolved" "https://registry.npmjs.org/arch/-/arch-2.2.0.tgz"
  "version" "2.2.0"

"balanced-match@^1.0.0":
  "integrity" "sha512-3oSeUO0TMV67hN1AmbXsK4yaqU7tjiHlbxRDZOpH0KW9+CeX4bRAaX0Anxt0tx2MrpRpWwQaPwIlISEJhYU5Pw=="
  "resolved" "https://registry.npmjs.org/balanced-match/-/balanced-match-1.0.2.tgz"
  "version" "1.0.2"

"boolbase@~1.0.0":
  "integrity" "sha1-aN/1++YMUes3cl6p4+0xDcwed24="
  "resolved" "https://registry.npmjs.org/boolbase/-/boolbase-1.0.0.tgz"
  "version" "1.0.0"

"brace-expansion@^1.1.7":
  "integrity" "sha512-iCuPHDFgrHX7H2vEI/5xpz07zSHB00TpugqhmYtVmMO6518mCuRMoOYFldEBl0g187ufozdaHgWKcYFb61qGiA=="
  "resolved" "https://registry.npmjs.org/brace-expansion/-/brace-expansion-1.1.11.tgz"
  "version" "1.1.11"
  dependencies:
    "balanced-match" "^1.0.0"
    "concat-map" "0.0.1"

"cheerio@^0.22.0":
  "integrity" "sha1-qbqoYKP5tZWmuBsahocxIe06Jp4="
  "resolved" "https://registry.npmjs.org/cheerio/-/cheerio-0.22.0.tgz"
  "version" "0.22.0"
  dependencies:
    "css-select" "~1.2.0"
    "dom-serializer" "~0.1.0"
    "entities" "~1.1.1"
    "htmlparser2" "^3.9.1"
    "lodash.assignin" "^4.0.9"
    "lodash.bind" "^4.1.4"
    "lodash.defaults" "^4.0.1"
    "lodash.filter" "^4.4.0"
    "lodash.flatten" "^4.2.0"
    "lodash.foreach" "^4.3.0"
    "lodash.map" "^4.4.0"
    "lodash.merge" "^4.4.0"
    "lodash.pick" "^4.2.1"
    "lodash.reduce" "^4.4.0"
    "lodash.reject" "^4.4.0"
    "lodash.some" "^4.4.0"

"clipboard-event@^1.5.0":
  "integrity" "sha512-ouAjoa6l85h9+SpHQmpIUTAM0x9GFpGXtA9pE4hXA0LapAQFYT6jILAUuvFGEthTMF4T/B0MI/zvscWmy1OxrQ=="
  "resolved" "https://registry.npmjs.org/clipboard-event/-/clipboard-event-1.5.0.tgz"
  "version" "1.5.0"

"clipboardy@^3.0.0":
  "integrity" "sha512-Su+uU5sr1jkUy1sGRpLKjKrvEOVXgSgiSInwa/qeID6aJ07yh+5NWc3h2QfjHjBnfX4LhtFcuAWKUsJ3r+fjbg=="
  "resolved" "https://registry.npmjs.org/clipboardy/-/clipboardy-3.0.0.tgz"
  "version" "3.0.0"
  dependencies:
    "arch" "^2.2.0"
    "execa" "^5.1.1"
    "is-wsl" "^2.2.0"

"commander@^2.19.0":
  "integrity" "sha512-GpVkmM8vF2vQUkj2LvZmD35JxeJOLCwJ9cUkugyk2nuhbv3+mJvpLYYt+0+USMxE+oj+ey/lJEnhZw75x/OMcQ=="
  "resolved" "https://registry.npmjs.org/commander/-/commander-2.20.3.tgz"
  "version" "2.20.3"

"concat-map@0.0.1":
  "integrity" "sha1-2Klr13/Wjfd5OnMDajug1UBdR3s="
  "resolved" "https://registry.npmjs.org/concat-map/-/concat-map-0.0.1.tgz"
  "version" "0.0.1"

"config-chain@^1.1.13":
  "integrity" "sha512-qj+f8APARXHrM0hraqXYb2/bOVSV4PvJQlNZ/DVj0QrmNM2q2euizkeuVckQ57J+W0mRH6Hvi+k50M4Jul2VRQ=="
  "resolved" "https://registry.npmjs.org/config-chain/-/config-chain-1.1.13.tgz"
  "version" "1.1.13"
  dependencies:
    "ini" "^1.3.4"
    "proto-list" "~1.2.1"

"cross-spawn@^7.0.3":
  "integrity" "sha512-iRDPJKUPVEND7dHPO8rkbOnPpyDygcDFtWjpeWNCgy8WP2rXcxXL8TskReQl6OrB2G7+UJrags1q15Fudc7G6w=="
  "resolved" "https://registry.npmjs.org/cross-spawn/-/cross-spawn-7.0.3.tgz"
  "version" "7.0.3"
  dependencies:
    "path-key" "^3.1.0"
    "shebang-command" "^2.0.0"
    "which" "^2.0.1"

"css-select@~1.2.0":
  "integrity" "sha1-KzoRBTnFNV8c2NMUYj6HCxIeyFg="
  "resolved" "https://registry.npmjs.org/css-select/-/css-select-1.2.0.tgz"
  "version" "1.2.0"
  dependencies:
    "boolbase" "~1.0.0"
    "css-what" "2.1"
    "domutils" "1.5.1"
    "nth-check" "~1.0.1"

"css-what@2.1":
  "integrity" "sha512-a+EPoD+uZiNfh+5fxw2nO9QwFa6nJe2Or35fGY6Ipw1R3R4AGz1d1TEZrCegvw2YTmZ0jXirGYlzxxpYSHwpEg=="
  "resolved" "https://registry.npmjs.org/css-what/-/css-what-2.1.3.tgz"
  "version" "2.1.3"

"dom-serializer@~0.1.0", "dom-serializer@0":
  "integrity" "sha512-l0IU0pPzLWSHBcieZbpOKgkIn3ts3vAh7ZuFyXNwJxJXk/c4Gwj9xaTJwIDVQCXawWD0qb3IzMGH5rglQaO0XA=="
  "resolved" "https://registry.npmjs.org/dom-serializer/-/dom-serializer-0.1.1.tgz"
  "version" "0.1.1"
  dependencies:
    "domelementtype" "^1.3.0"
    "entities" "^1.1.1"

"domelementtype@^1.3.0", "domelementtype@^1.3.1", "domelementtype@1":
  "integrity" "sha512-BSKB+TSpMpFI/HOxCNr1O8aMOTZ8hT3pM3GQ0w/mWRmkhEDSFJkkyzz4XQsBV44BChwGkrDfMyjVD0eA2aFV3w=="
  "resolved" "https://registry.npmjs.org/domelementtype/-/domelementtype-1.3.1.tgz"
  "version" "1.3.1"

"domhandler@^2.3.0":
  "integrity" "sha512-JiK04h0Ht5u/80fdLMCEmV4zkNh2BcoMFBmZ/91WtYZ8qVXSKjiw7fXMgFPnHcSZgOo3XdinHvmnDUeMf5R4wA=="
  "resolved" "https://registry.npmjs.org/domhandler/-/domhandler-2.4.2.tgz"
  "version" "2.4.2"
  dependencies:
    "domelementtype" "1"

"domutils@^1.5.1", "domutils@1.5.1":
  "integrity" "sha1-3NhIiib1Y9YQeeSMn3t+Mjc2gs8="
  "resolved" "https://registry.npmjs.org/domutils/-/domutils-1.5.1.tgz"
  "version" "1.5.1"
  dependencies:
    "dom-serializer" "0"
    "domelementtype" "1"

"editorconfig@^0.15.3":
  "integrity" "sha512-M9wIMFx96vq0R4F+gRpY3o2exzb8hEj/n9S8unZtHSvYjibBp/iMufSzvmOcV/laG0ZtuTVGtiJggPOSW2r93g=="
  "resolved" "https://registry.npmjs.org/editorconfig/-/editorconfig-0.15.3.tgz"
  "version" "0.15.3"
  dependencies:
    "commander" "^2.19.0"
    "lru-cache" "^4.1.5"
    "semver" "^5.6.0"
    "sigmund" "^1.0.1"

"entities@^1.1.1", "entities@~1.1.1":
  "integrity" "sha512-f2LZMYl1Fzu7YSBKg+RoROelpOaNrcGmE9AZubeDfrCEia483oW4MI4VyFd5VNHIgQ/7qm1I0wUHK1eJnn2y2w=="
  "resolved" "https://registry.npmjs.org/entities/-/entities-1.1.2.tgz"
  "version" "1.1.2"

"execa@^5.1.1":
  "integrity" "sha512-8uSpZZocAZRBAPIEINJj3Lo9HyGitllczc27Eh5YYojjMFMn8yHMDMaUHE2Jqfq05D/wucwI4JGURyXt1vchyg=="
  "resolved" "https://registry.npmjs.org/execa/-/execa-5.1.1.tgz"
  "version" "5.1.1"
  dependencies:
    "cross-spawn" "^7.0.3"
    "get-stream" "^6.0.0"
    "human-signals" "^2.1.0"
    "is-stream" "^2.0.0"
    "merge-stream" "^2.0.0"
    "npm-run-path" "^4.0.1"
    "onetime" "^5.1.2"
    "signal-exit" "^3.0.3"
    "strip-final-newline" "^2.0.0"

"extract-inline-css@^1.0.2":
  "integrity" "sha512-GGYCogj0/nwH9+lYGJ32DoWWXBzZR89ZmFAw4kyrunFlarafvOQyEIwFhLWz5PIvvkewZkhjDbhR4w4K+OjjRg=="
  "resolved" "https://registry.npmjs.org/extract-inline-css/-/extract-inline-css-1.0.2.tgz"
  "version" "1.0.2"
  dependencies:
    "cheerio" "^0.22.0"
    "js-beautify" "^1.10.3"
    "minimist" "1.2.3"

"fs.realpath@^1.0.0":
  "integrity" "sha1-FQStJSMVjKpA20onh8sBQRmU6k8="
  "resolved" "https://registry.npmjs.org/fs.realpath/-/fs.realpath-1.0.0.tgz"
  "version" "1.0.0"

"get-stream@^6.0.0":
  "integrity" "sha512-ts6Wi+2j3jQjqi70w5AlN8DFnkSwC+MqmxEzdEALB2qXZYV3X/b1CTfgPLGJNMeAWxdPfU8FO1ms3NUfaHCPYg=="
  "resolved" "https://registry.npmjs.org/get-stream/-/get-stream-6.0.1.tgz"
  "version" "6.0.1"

"glob@^7.1.3":
  "integrity" "sha512-lmLf6gtyrPq8tTjSmrO94wBeQbFR3HbLHbuyD69wuyQkImp2hWqMGB47OX65FBkPffO641IP9jWa1z4ivqG26Q=="
  "resolved" "https://registry.npmjs.org/glob/-/glob-7.2.0.tgz"
  "version" "7.2.0"
  dependencies:
    "fs.realpath" "^1.0.0"
    "inflight" "^1.0.4"
    "inherits" "2"
    "minimatch" "^3.0.4"
    "once" "^1.3.0"
    "path-is-absolute" "^1.0.0"

"htmlparser2@^3.9.1":
  "integrity" "sha512-IgieNijUMbkDovyoKObU1DUhm1iwNYE/fuifEoEHfd1oZKZDaONBSkal7Y01shxsM49R4XaMdGez3WnF9UfiCQ=="
  "resolved" "https://registry.npmjs.org/htmlparser2/-/htmlparser2-3.10.1.tgz"
  "version" "3.10.1"
  dependencies:
    "domelementtype" "^1.3.1"
    "domhandler" "^2.3.0"
    "domutils" "^1.5.1"
    "entities" "^1.1.1"
    "inherits" "^2.0.1"
    "readable-stream" "^3.1.1"

"human-signals@^2.1.0":
  "integrity" "sha512-B4FFZ6q/T2jhhksgkbEW3HBvWIfDW85snkQgawt07S7J5QXTk6BkNV+0yAeZrM5QpMAdYlocGoljn0sJ/WQkFw=="
  "resolved" "https://registry.npmjs.org/human-signals/-/human-signals-2.1.0.tgz"
  "version" "2.1.0"

"inflight@^1.0.4":
  "integrity" "sha1-Sb1jMdfQLQwJvJEKEHW6gWW1bfk="
  "resolved" "https://registry.npmjs.org/inflight/-/inflight-1.0.6.tgz"
  "version" "1.0.6"
  dependencies:
    "once" "^1.3.0"
    "wrappy" "1"

"inherits@^2.0.1", "inherits@^2.0.3", "inherits@2":
  "integrity" "sha512-k/vGaX4/Yla3WzyMCvTQOXYeIHvqOKtnqBduzTHpzpQZzAskKMhZ2K+EnBiSM9zGSoIFeMpXKxa4dYeZIQqewQ=="
  "resolved" "https://registry.npmjs.org/inherits/-/inherits-2.0.4.tgz"
  "version" "2.0.4"

"ini@^1.3.4":
  "integrity" "sha512-JV/yugV2uzW5iMRSiZAyDtQd+nxtUnjeLt0acNdw98kKLrvuRVyB80tsREOE7yvGVgalhZ6RNXCmEHkUKBKxew=="
  "resolved" "https://registry.npmjs.org/ini/-/ini-1.3.8.tgz"
  "version" "1.3.8"

"is-docker@^2.0.0":
  "integrity" "sha512-F+i2BKsFrH66iaUFc0woD8sLy8getkwTwtOBjvs56Cx4CgJDeKQeqfz8wAYiSb8JOprWhHH5p77PbmYCvvUuXQ=="
  "resolved" "https://registry.npmjs.org/is-docker/-/is-docker-2.2.1.tgz"
  "version" "2.2.1"

"is-stream@^2.0.0":
  "integrity" "sha512-hFoiJiTl63nn+kstHGBtewWSKnQLpyb155KHheA1l39uvtO9nWIop1p3udqPcUd/xbF1VLMO4n7OI6p7RbngDg=="
  "resolved" "https://registry.npmjs.org/is-stream/-/is-stream-2.0.1.tgz"
  "version" "2.0.1"

"is-wsl@^2.2.0":
  "integrity" "sha512-fKzAra0rGJUUBwGBgNkHZuToZcn+TtXHpeCgmkMJMMYx1sQDYaCSyjJBSCa2nH1DGm7s3n1oBnohoVTBaN7Lww=="
  "resolved" "https://registry.npmjs.org/is-wsl/-/is-wsl-2.2.0.tgz"
  "version" "2.2.0"
  dependencies:
    "is-docker" "^2.0.0"

"isexe@^2.0.0":
  "integrity" "sha1-6PvzdNxVb/iUehDcsFctYz8s+hA="
  "resolved" "https://registry.npmjs.org/isexe/-/isexe-2.0.0.tgz"
  "version" "2.0.0"

"js-beautify@^1.10.3":
  "integrity" "sha512-f1ra8PHtOEu/70EBnmiUlV8nJePS58y9qKjl4JHfYWlFH6bo7ogZBz//FAZp7jDuXtYnGYKymZPlrg2I/9Zo4g=="
  "resolved" "https://registry.npmjs.org/js-beautify/-/js-beautify-1.14.3.tgz"
  "version" "1.14.3"
  dependencies:
    "config-chain" "^1.1.13"
    "editorconfig" "^0.15.3"
    "glob" "^7.1.3"
    "nopt" "^5.0.0"

"lodash.assignin@^4.0.9":
  "integrity" "sha1-uo31+4QesKPoBEIysOJjqNxqKKI="
  "resolved" "https://registry.npmjs.org/lodash.assignin/-/lodash.assignin-4.2.0.tgz"
  "version" "4.2.0"

"lodash.bind@^4.1.4":
  "integrity" "sha1-euMBfpOWIqwxt9fX3LGzTbFpDTU="
  "resolved" "https://registry.npmjs.org/lodash.bind/-/lodash.bind-4.2.1.tgz"
  "version" "4.2.1"

"lodash.defaults@^4.0.1":
  "integrity" "sha1-0JF4cW/+pN3p5ft7N/bwgCJ0WAw="
  "resolved" "https://registry.npmjs.org/lodash.defaults/-/lodash.defaults-4.2.0.tgz"
  "version" "4.2.0"

"lodash.filter@^4.4.0":
  "integrity" "sha1-ZosdSYFgOuHMWm+nYBQ+SAtMSs4="
  "resolved" "https://registry.npmjs.org/lodash.filter/-/lodash.filter-4.6.0.tgz"
  "version" "4.6.0"

"lodash.flatten@^4.2.0":
  "integrity" "sha1-8xwiIlqWMtK7+OSt2+8kCqdlph8="
  "resolved" "https://registry.npmjs.org/lodash.flatten/-/lodash.flatten-4.4.0.tgz"
  "version" "4.4.0"

"lodash.foreach@^4.3.0":
  "integrity" "sha1-Gmo16s5AEoDH8G3d7DUWWrJ+PlM="
  "resolved" "https://registry.npmjs.org/lodash.foreach/-/lodash.foreach-4.5.0.tgz"
  "version" "4.5.0"

"lodash.map@^4.4.0":
  "integrity" "sha1-dx7Hg540c9nEzeKLGTlMNWL09tM="
  "resolved" "https://registry.npmjs.org/lodash.map/-/lodash.map-4.6.0.tgz"
  "version" "4.6.0"

"lodash.merge@^4.4.0":
  "integrity" "sha512-0KpjqXRVvrYyCsX1swR/XTK0va6VQkQM6MNo7PqW77ByjAhoARA8EfrP1N4+KlKj8YS0ZUCtRT/YUuhyYDujIQ=="
  "resolved" "https://registry.npmjs.org/lodash.merge/-/lodash.merge-4.6.2.tgz"
  "version" "4.6.2"

"lodash.pick@^4.2.1":
  "integrity" "sha1-UvBWEP/53tQiYRRB7R/BI6AwAbM="
  "resolved" "https://registry.npmjs.org/lodash.pick/-/lodash.pick-4.4.0.tgz"
  "version" "4.4.0"

"lodash.reduce@^4.4.0":
  "integrity" "sha1-8atrg5KZrUj3hKu/R2WW8DuRTTs="
  "resolved" "https://registry.npmjs.org/lodash.reduce/-/lodash.reduce-4.6.0.tgz"
  "version" "4.6.0"

"lodash.reject@^4.4.0":
  "integrity" "sha1-gNZJLcFHCGS79YNTO2UfQqn1JBU="
  "resolved" "https://registry.npmjs.org/lodash.reject/-/lodash.reject-4.6.0.tgz"
  "version" "4.6.0"

"lodash.some@^4.4.0":
  "integrity" "sha1-G7nzFO9ri63tE7VJFpsqlF62jk0="
  "resolved" "https://registry.npmjs.org/lodash.some/-/lodash.some-4.6.0.tgz"
  "version" "4.6.0"

"lru-cache@^4.1.5":
  "integrity" "sha512-sWZlbEP2OsHNkXrMl5GYk/jKk70MBng6UU4YI/qGDYbgf6YbP4EvmqISbXCoJiRKs+1bSpFHVgQxvJ17F2li5g=="
  "resolved" "https://registry.npmjs.org/lru-cache/-/lru-cache-4.1.5.tgz"
  "version" "4.1.5"
  dependencies:
    "pseudomap" "^1.0.2"
    "yallist" "^2.1.2"

"merge-stream@^2.0.0":
  "integrity" "sha512-abv/qOcuPfk3URPfDzmZU1LKmuw8kT+0nIHvKrKgFrwifol/doWcdA4ZqsWQ8ENrFKkd67Mfpo/LovbIUsbt3w=="
  "resolved" "https://registry.npmjs.org/merge-stream/-/merge-stream-2.0.0.tgz"
  "version" "2.0.0"

"mimic-fn@^2.1.0":
  "integrity" "sha512-OqbOk5oEQeAZ8WXWydlu9HJjz9WVdEIvamMCcXmuqUYjTknH/sqsWvhQ3vgwKFRR1HpjvNBKQ37nbJgYzGqGcg=="
  "resolved" "https://registry.npmjs.org/mimic-fn/-/mimic-fn-2.1.0.tgz"
  "version" "2.1.0"

"minimatch@^3.0.4":
  "integrity" "sha512-J7p63hRiAjw1NDEww1W7i37+ByIrOWO5XQQAzZ3VOcL0PNybwpfmV/N05zFAzwQ9USyEcX6t3UO+K5aqBQOIHw=="
  "resolved" "https://registry.npmjs.org/minimatch/-/minimatch-3.1.2.tgz"
  "version" "3.1.2"
  dependencies:
    "brace-expansion" "^1.1.7"

"minimist@1.2.3":
  "integrity" "sha512-+bMdgqjMN/Z77a6NlY/I3U5LlRDbnmaAk6lDveAPKwSpcPM4tKAuYsvYF8xjhOPXhOYGe/73vVLVez5PW+jqhw=="
  "resolved" "https://registry.npmjs.org/minimist/-/minimist-1.2.3.tgz"
  "version" "1.2.3"

"nopt@^5.0.0":
  "integrity" "sha512-Tbj67rffqceeLpcRXrT7vKAN8CwfPeIBgM7E6iBkmKLV7bEMwpGgYLGv0jACUsECaa/vuxP0IjEont6umdMgtQ=="
  "resolved" "https://registry.npmjs.org/nopt/-/nopt-5.0.0.tgz"
  "version" "5.0.0"
  dependencies:
    "abbrev" "1"

"npm-run-path@^4.0.1":
  "integrity" "sha512-S48WzZW777zhNIrn7gxOlISNAqi9ZC/uQFnRdbeIHhZhCA6UqpkOT8T1G7BvfdgP4Er8gF4sUbaS0i7QvIfCWw=="
  "resolved" "https://registry.npmjs.org/npm-run-path/-/npm-run-path-4.0.1.tgz"
  "version" "4.0.1"
  dependencies:
    "path-key" "^3.0.0"

"nth-check@~1.0.1":
  "integrity" "sha512-WeBOdju8SnzPN5vTUJYxYUxLeXpCaVP5i5e0LF8fg7WORF2Wd7wFX/pk0tYZk7s8T+J7VLy0Da6J1+wCT0AtHg=="
  "resolved" "https://registry.npmjs.org/nth-check/-/nth-check-1.0.2.tgz"
  "version" "1.0.2"
  dependencies:
    "boolbase" "~1.0.0"

"once@^1.3.0":
  "integrity" "sha1-WDsap3WWHUsROsF9nFC6753Xa9E="
  "resolved" "https://registry.npmjs.org/once/-/once-1.4.0.tgz"
  "version" "1.4.0"
  dependencies:
    "wrappy" "1"

"onetime@^5.1.2":
  "integrity" "sha512-kbpaSSGJTWdAY5KPVeMOKXSrPtr8C8C7wodJbcsd51jRnmD+GZu8Y0VoU6Dm5Z4vWr0Ig/1NKuWRKf7j5aaYSg=="
  "resolved" "https://registry.npmjs.org/onetime/-/onetime-5.1.2.tgz"
  "version" "5.1.2"
  dependencies:
    "mimic-fn" "^2.1.0"

"path-is-absolute@^1.0.0":
  "integrity" "sha1-F0uSaHNVNP+8es5r9TpanhtcX18="
  "resolved" "https://registry.npmjs.org/path-is-absolute/-/path-is-absolute-1.0.1.tgz"
  "version" "1.0.1"

"path-key@^3.0.0", "path-key@^3.1.0":
  "integrity" "sha512-ojmeN0qd+y0jszEtoY48r0Peq5dwMEkIlCOu6Q5f41lfkswXuKtYrhgoTpLnyIcHm24Uhqx+5Tqm2InSwLhE6Q=="
  "resolved" "https://registry.npmjs.org/path-key/-/path-key-3.1.1.tgz"
  "version" "3.1.1"

"proto-list@~1.2.1":
  "integrity" "sha1-IS1b/hMYMGpCD2QCuOJv85ZHqEk="
  "resolved" "https://registry.npmjs.org/proto-list/-/proto-list-1.2.4.tgz"
  "version" "1.2.4"

"pseudomap@^1.0.2":
  "integrity" "sha1-8FKijacOYYkX7wqKw0wa5aaChrM="
  "resolved" "https://registry.npmjs.org/pseudomap/-/pseudomap-1.0.2.tgz"
  "version" "1.0.2"

"readable-stream@^3.1.1":
  "integrity" "sha512-BViHy7LKeTz4oNnkcLJ+lVSL6vpiFeX6/d3oSH8zCW7UxP2onchk+vTGB143xuFjHS3deTgkKoXXymXqymiIdA=="
  "resolved" "https://registry.npmjs.org/readable-stream/-/readable-stream-3.6.0.tgz"
  "version" "3.6.0"
  dependencies:
    "inherits" "^2.0.3"
    "string_decoder" "^1.1.1"
    "util-deprecate" "^1.0.1"

"safe-buffer@~5.2.0":
  "integrity" "sha512-rp3So07KcdmmKbGvgaNxQSJr7bGVSVk5S9Eq1F+ppbRo70+YeaDxkw5Dd8NPN+GD6bjnYm2VuPuCXmpuYvmCXQ=="
  "resolved" "https://registry.npmjs.org/safe-buffer/-/safe-buffer-5.2.1.tgz"
  "version" "5.2.1"

"semver@^5.6.0":
  "integrity" "sha512-sauaDf/PZdVgrLTNYHRtpXa1iRiKcaebiKQ1BJdpQlWH2lCvexQdX55snPFyK7QzpudqbCI0qXFfOasHdyNDGQ=="
  "resolved" "https://registry.npmjs.org/semver/-/semver-5.7.1.tgz"
  "version" "5.7.1"

"shebang-command@^2.0.0":
  "integrity" "sha512-kHxr2zZpYtdmrN1qDjrrX/Z1rR1kG8Dx+gkpK1G4eXmvXswmcE1hTWBWYUzlraYw1/yZp6YuDY77YtvbN0dmDA=="
  "resolved" "https://registry.npmjs.org/shebang-command/-/shebang-command-2.0.0.tgz"
  "version" "2.0.0"
  dependencies:
    "shebang-regex" "^3.0.0"

"shebang-regex@^3.0.0":
  "integrity" "sha512-7++dFhtcx3353uBaq8DDR4NuxBetBzC7ZQOhmTQInHEd6bSrXdiEyzCvG07Z44UYdLShWUyXt5M/yhz8ekcb1A=="
  "resolved" "https://registry.npmjs.org/shebang-regex/-/shebang-regex-3.0.0.tgz"
  "version" "3.0.0"

"sigmund@^1.0.1":
  "integrity" "sha1-P/IfGYytIXX587eBhT/ZTQ0ZtZA="
  "resolved" "https://registry.npmjs.org/sigmund/-/sigmund-1.0.1.tgz"
  "version" "1.0.1"

"signal-exit@^3.0.3":
  "integrity" "sha512-wnD2ZE+l+SPC/uoS0vXeE9L1+0wuaMqKlfz9AMUo38JsyLSBWSFcHR1Rri62LZc12vLr1gb3jl7iwQhgwpAbGQ=="
  "resolved" "https://registry.npmjs.org/signal-exit/-/signal-exit-3.0.7.tgz"
  "version" "3.0.7"

"string_decoder@^1.1.1":
  "integrity" "sha512-hkRX8U1WjJFd8LsDJ2yQ/wWWxaopEsABU1XfkM8A+j0+85JAGppt16cr1Whg6KIbb4okU6Mql6BOj+uup/wKeA=="
  "resolved" "https://registry.npmjs.org/string_decoder/-/string_decoder-1.3.0.tgz"
  "version" "1.3.0"
  dependencies:
    "safe-buffer" "~5.2.0"

"strip-final-newline@^2.0.0":
  "integrity" "sha512-BrpvfNAE3dcvq7ll3xVumzjKjZQ5tI1sEUIKr3Uoks0XUl45St3FlatVqef9prk4jRDzhW6WZg+3bk93y6pLjA=="
  "resolved" "https://registry.npmjs.org/strip-final-newline/-/strip-final-newline-2.0.0.tgz"
  "version" "2.0.0"

"util-deprecate@^1.0.1":
  "integrity" "sha1-RQ1Nyfpw3nMnYvvS1KKJgUGaDM8="
  "resolved" "https://registry.npmjs.org/util-deprecate/-/util-deprecate-1.0.2.tgz"
  "version" "1.0.2"

"which@^2.0.1":
  "integrity" "sha512-BLI3Tl1TW3Pvl70l3yq3Y64i+awpwXqsGBYWkkqMtnbXgrMD+yj7rhW0kuEDxzJaYXGjEW5ogapKNMEKNMjibA=="
  "resolved" "https://registry.npmjs.org/which/-/which-2.0.2.tgz"
  "version" "2.0.2"
  dependencies:
    "isexe" "^2.0.0"

"wrappy@1":
  "integrity" "sha1-tSQ9jz7BqjXxNkYFvA0QNuMKtp8="
  "resolved" "https://registry.npmjs.org/wrappy/-/wrappy-1.0.2.tgz"
  "version" "1.0.2"

"yallist@^2.1.2":
  "integrity" "sha1-HBH5IY8HYImkfdUS+TxmmaaoHVI="
  "resolved" "https://registry.npmjs.org/yallist/-/yallist-2.1.2.tgz"
  "version" "2.1.2"
